
Microsoft Visual Studio Solution File, Format Version 12.00
# Visual Studio Version 17
VisualStudioVersion = 17.5.002.0
MinimumVisualStudioVersion = 10.0.40219.1
Project("{9A19103F-16F7-4668-BE54-9A1E7A4F7556}") = "eticaret.Data", "eticaret.Data\eticaret.Data.csproj", "{24D00B02-7011-4AC2-A9EB-CD677D9AE764}"
EndProject
Project("{9A19103F-16F7-4668-BE54-9A1E7A4F7556}") = "eticaret.Web", "eticaret.Web\eticaret.Web.csproj", "{27810872-FAF1-4836-9B7D-A0B0A3095727}"
EndProject
Global
	GlobalSection(SolutionConfigurationPlatforms) = preSolution
		Debug|Any CPU = Debug|Any CPU
		Release|Any CPU = Release|Any CPU
	EndGlobalSection
	GlobalSection(ProjectConfigurationPlatforms) = postSolution
		{24D00B02-7011-4AC2-A9EB-CD677D9AE764}.Debug|Any CPU.ActiveCfg = Debug|Any CPU
		{24D00B02-7011-4AC2-A9EB-CD677D9AE764}.Debug|Any CPU.Build.0 = Debug|Any CPU
		{24D00B02-7011-4AC2-A9EB-CD677D9AE764}.Release|Any CPU.ActiveCfg = Release|Any CPU
		{24D00B02-7011-4AC2-A9EB-CD677D9AE764}.Release|Any CPU.Build.0 = Release|Any CPU
		{27810872-FAF1-4836-9B7D-A0B0A3095727}.Debug|Any CPU.ActiveCfg = Debug|Any CPU
		{27810872-FAF1-4836-9B7D-A0B0A3095727}.Debug|Any CPU.Build.0 = Debug|Any CPU
		{27810872-FAF1-4836-9B7D-A0B0A3095727}.Release|Any CPU.ActiveCfg = Release|Any CPU
		{27810872-FAF1-4836-9B7D-A0B0A3095727}.Release|Any CPU.Build.0 = Release|Any CPU
	EndGlobalSection
	GlobalSection(SolutionProperties) = preSolution
		HideSolutionNode = FALSE
	EndGlobalSection
	GlobalSection(ExtensibilityGlobals) = postSolution
		SolutionGuid = {6676F34B-CE3F-437B-A0DA-3097EBC23D39}
	EndGlobalSection
EndGlobal
